
Microsoft Visual Studio Solution File, Format Version 12.00
# Visual Studio 15
Project("{FAE04EC0-301F-11D3-BF4B-00C04F79EFBC}") = "CompresorHuffman", "CompresorHuffman\CompresorHuffman.csproj", "{9406BEBF-AFE7-40B0-975A-B79A9989E18A}"
EndProject
Project("{FAE04EC0-301F-11D3-BF4B-00C04F79EFBC}") = "HuffmanLib", "HuffmanLib\HuffmanLib.csproj", "{1EFDF502-5E66-4365-9713-C121EAC99203}"
EndProject
Global
	GlobalSection(SolutionConfigurationPlatforms) = preSolution
		Debug|Any CPU = Debug|Any CPU
		Release|Any CPU = Release|Any CPU
	EndGlobalSection
	GlobalSection(ProjectConfigurationPlatforms) = postSolution
		{9406BEBF-AFE7-40B0-975A-B79A9989E18A}.Debug|Any CPU.ActiveCfg = Debug|Any CPU
		{9406BEBF-AFE7-40B0-975A-B79A9989E18A}.Debug|Any CPU.Build.0 = Debug|Any CPU
		{9406BEBF-AFE7-40B0-975A-B79A9989E18A}.Release|Any CPU.ActiveCfg = Release|Any CPU
		{9406BEBF-AFE7-40B0-975A-B79A9989E18A}.Release|Any CPU.Build.0 = Release|Any CPU
		{1EFDF502-5E66-4365-9713-C121EAC99203}.Debug|Any CPU.ActiveCfg = Debug|Any CPU
		{1EFDF502-5E66-4365-9713-C121EAC99203}.Debug|Any CPU.Build.0 = Debug|Any CPU
		{1EFDF502-5E66-4365-9713-C121EAC99203}.Release|Any CPU.ActiveCfg = Release|Any CPU
		{1EFDF502-5E66-4365-9713-C121EAC99203}.Release|Any CPU.Build.0 = Release|Any CPU
	EndGlobalSection
EndGlobal
